
Microsoft Visual Studio Solution File, Format Version 12.00
# Visual Studio Version 16
VisualStudioVersion = 16.0.30907.101
MinimumVisualStudioVersion = 10.0.40219.1
Project("{FAE04EC0-301F-11D3-BF4B-00C04F79EFBC}") = "Parallel Programming_Word Analyzer", "Parallel Programming_Word Analyzer\Parallel Programming_Word Analyzer.csproj", "{D7327EDC-9E4F-4908-8421-3E7822963D0B}"
EndProject
Global
	GlobalSection(SolutionConfigurationPlatforms) = preSolution
		Debug|Any CPU = Debug|Any CPU
		Release|Any CPU = Release|Any CPU
	EndGlobalSection
	GlobalSection(ProjectConfigurationPlatforms) = postSolution
		{D7327EDC-9E4F-4908-8421-3E7822963D0B}.Debug|Any CPU.ActiveCfg = Debug|Any CPU
		{D7327EDC-9E4F-4908-8421-3E7822963D0B}.Debug|Any CPU.Build.0 = Debug|Any CPU
		{D7327EDC-9E4F-4908-8421-3E7822963D0B}.Release|Any CPU.ActiveCfg = Release|Any CPU
		{D7327EDC-9E4F-4908-8421-3E7822963D0B}.Release|Any CPU.Build.0 = Release|Any CPU
	EndGlobalSection
	GlobalSection(SolutionProperties) = preSolution
		HideSolutionNode = FALSE
	EndGlobalSection
	GlobalSection(ExtensibilityGlobals) = postSolution
		SolutionGuid = {40358584-11CB-4B8A-8DEC-ABB1A2E0C2E5}
	EndGlobalSection
EndGlobal
