
Microsoft Visual Studio Solution File, Format Version 12.00
# Visual Studio Version 16
VisualStudioVersion = 16.0.30907.101
MinimumVisualStudioVersion = 10.0.40219.1
Project("{FAE04EC0-301F-11D3-BF4B-00C04F79EFBC}") = "Area51ExamProject", "Area51ExamProject\Area51ExamProject.csproj", "{C67C068E-A74E-447E-8577-4A2181FF939B}"
EndProject
Global
	GlobalSection(SolutionConfigurationPlatforms) = preSolution
		Debug|Any CPU = Debug|Any CPU
		Release|Any CPU = Release|Any CPU
	EndGlobalSection
	GlobalSection(ProjectConfigurationPlatforms) = postSolution
		{C67C068E-A74E-447E-8577-4A2181FF939B}.Debug|Any CPU.ActiveCfg = Debug|Any CPU
		{C67C068E-A74E-447E-8577-4A2181FF939B}.Debug|Any CPU.Build.0 = Debug|Any CPU
		{C67C068E-A74E-447E-8577-4A2181FF939B}.Release|Any CPU.ActiveCfg = Release|Any CPU
		{C67C068E-A74E-447E-8577-4A2181FF939B}.Release|Any CPU.Build.0 = Release|Any CPU
	EndGlobalSection
	GlobalSection(SolutionProperties) = preSolution
		HideSolutionNode = FALSE
	EndGlobalSection
	GlobalSection(ExtensibilityGlobals) = postSolution
		SolutionGuid = {D76E5E2F-AD38-4C41-A1E2-98E5FF1D3AAD}
	EndGlobalSection
EndGlobal
